
Microsoft Visual Studio Solution File, Format Version 12.00
# Visual Studio Version 16
VisualStudioVersion = 16.0.30503.244
MinimumVisualStudioVersion = 10.0.40219.1
Project("{8BC9CEB8-8B4A-11D0-8D11-00A0C91BC942}") = "dsa assign2 task1", "dsa assign2 task1\dsa assign2 task1.vcxproj", "{E7BA7BC8-BDB5-4FC8-9B50-21C7EC068080}"
EndProject
Global
	GlobalSection(SolutionConfigurationPlatforms) = preSolution
		Debug|x64 = Debug|x64
		Debug|x86 = Debug|x86
		Release|x64 = Release|x64
		Release|x86 = Release|x86
	EndGlobalSection
	GlobalSection(ProjectConfigurationPlatforms) = postSolution
		{E7BA7BC8-BDB5-4FC8-9B50-21C7EC068080}.Debug|x64.ActiveCfg = Debug|x64
		{E7BA7BC8-BDB5-4FC8-9B50-21C7EC068080}.Debug|x64.Build.0 = Debug|x64
		{E7BA7BC8-BDB5-4FC8-9B50-21C7EC068080}.Debug|x86.ActiveCfg = Debug|Win32
		{E7BA7BC8-BDB5-4FC8-9B50-21C7EC068080}.Debug|x86.Build.0 = Debug|Win32
		{E7BA7BC8-BDB5-4FC8-9B50-21C7EC068080}.Release|x64.ActiveCfg = Release|x64
		{E7BA7BC8-BDB5-4FC8-9B50-21C7EC068080}.Release|x64.Build.0 = Release|x64
		{E7BA7BC8-BDB5-4FC8-9B50-21C7EC068080}.Release|x86.ActiveCfg = Release|Win32
		{E7BA7BC8-BDB5-4FC8-9B50-21C7EC068080}.Release|x86.Build.0 = Release|Win32
	EndGlobalSection
	GlobalSection(SolutionProperties) = preSolution
		HideSolutionNode = FALSE
	EndGlobalSection
	GlobalSection(ExtensibilityGlobals) = postSolution
		SolutionGuid = {F06BE383-5688-438E-AF1A-3EBA75572160}
	EndGlobalSection
EndGlobal
