
Microsoft Visual Studio Solution File, Format Version 12.00
# Visual Studio Version 16
VisualStudioVersion = 16.0.30503.244
MinimumVisualStudioVersion = 10.0.40219.1
Project("{8BC9CEB8-8B4A-11D0-8D11-00A0C91BC942}") = "dsa lab11 heap", "dsa lab11 heap\dsa lab11 heap.vcxproj", "{E2EC1E43-F037-49EA-994F-F1B684F310A4}"
EndProject
Global
	GlobalSection(SolutionConfigurationPlatforms) = preSolution
		Debug|x64 = Debug|x64
		Debug|x86 = Debug|x86
		Release|x64 = Release|x64
		Release|x86 = Release|x86
	EndGlobalSection
	GlobalSection(ProjectConfigurationPlatforms) = postSolution
		{E2EC1E43-F037-49EA-994F-F1B684F310A4}.Debug|x64.ActiveCfg = Debug|x64
		{E2EC1E43-F037-49EA-994F-F1B684F310A4}.Debug|x64.Build.0 = Debug|x64
		{E2EC1E43-F037-49EA-994F-F1B684F310A4}.Debug|x86.ActiveCfg = Debug|Win32
		{E2EC1E43-F037-49EA-994F-F1B684F310A4}.Debug|x86.Build.0 = Debug|Win32
		{E2EC1E43-F037-49EA-994F-F1B684F310A4}.Release|x64.ActiveCfg = Release|x64
		{E2EC1E43-F037-49EA-994F-F1B684F310A4}.Release|x64.Build.0 = Release|x64
		{E2EC1E43-F037-49EA-994F-F1B684F310A4}.Release|x86.ActiveCfg = Release|Win32
		{E2EC1E43-F037-49EA-994F-F1B684F310A4}.Release|x86.Build.0 = Release|Win32
	EndGlobalSection
	GlobalSection(SolutionProperties) = preSolution
		HideSolutionNode = FALSE
	EndGlobalSection
	GlobalSection(ExtensibilityGlobals) = postSolution
		SolutionGuid = {4AF11820-0C93-4E11-ABA1-38683068A9C1}
	EndGlobalSection
EndGlobal
